{
  "name": "win10-pro",
  "version": "1.0.0",
  "lockfileVersion": 2,
  "requires": true,
  "packages": {
    "": {
      "name": "win10-pro",
      "version": "1.0.0",
      "license": "ISC",
      "devDependencies": {
        "moon": "^1.0.0-beta.7"
      }
    },
    "node_modules/moon": {
      "version": "1.0.0-beta.7",
      "resolved": "https://registry.npmjs.org/moon/-/moon-1.0.0-beta.7.tgz",
      "integrity": "sha512-aAscl0WaAns+qsWzMjgSjbXP38n1TXcY0kKldwD9rb2egBxhF3aKJBHROgdqK3qkNN17duxIaW5rQiVMUtZmBw==",
      "dev": true
    }
  },
  "dependencies": {
    "moon": {
      "version": "1.0.0-beta.7",
      "resolved": "https://registry.npmjs.org/moon/-/moon-1.0.0-beta.7.tgz",
      "integrity": "sha512-aAscl0WaAns+qsWzMjgSjbXP38n1TXcY0kKldwD9rb2egBxhF3aKJBHROgdqK3qkNN17duxIaW5rQiVMUtZmBw==",
      "dev": true
    }
  }
}
